
Microsoft Visual Studio Solution File, Format Version 12.00
# Visual Studio 15
VisualStudioVersion = 15.0.27703.2035
MinimumVisualStudioVersion = 10.0.40219.1
Project("{FAE04EC0-301F-11D3-BF4B-00C04F79EFBC}") = "Squad.Android", "Squad\Squad.Android\Squad.Android.csproj", "{BAE79815-6068-44A1-A2F8-16ABE0E94555}"
EndProject
Project("{FAE04EC0-301F-11D3-BF4B-00C04F79EFBC}") = "Squad.iOS", "Squad\Squad.iOS\Squad.iOS.csproj", "{78B25039-C53D-492F-8ECE-DE9E8BF3C053}"
EndProject
Project("{FAE04EC0-301F-11D3-BF4B-00C04F79EFBC}") = "Squad.UWP", "Squad\Squad.UWP\Squad.UWP.csproj", "{64BC3B7B-5319-44DB-9B59-766DACE30ABC}"
EndProject
Project("{9A19103F-16F7-4668-BE54-9A1E7A4F7556}") = "Squad", "Squad\Squad\Squad.csproj", "{8F360476-5459-4F3D-805B-DC419E42C7BD}"
EndProject
Project("{9A19103F-16F7-4668-BE54-9A1E7A4F7556}") = "SquadAppAPI", "Squad\SquadAppAPI\SquadAppAPI.csproj", "{D811ED11-89FC-4FA0-9D95-BE05ACE2D07D}"
EndProject
Project("{9A19103F-16F7-4668-BE54-9A1E7A4F7556}") = "easychat", "Squad\ChatService\easychat.csproj", "{E74D37BD-336D-4449-93E5-3121FA99DEA8}"
EndProject
Global
	GlobalSection(SolutionConfigurationPlatforms) = preSolution
		Ad-Hoc|Any CPU = Ad-Hoc|Any CPU
		Ad-Hoc|ARM = Ad-Hoc|ARM
		Ad-Hoc|iPhone = Ad-Hoc|iPhone
		Ad-Hoc|iPhoneSimulator = Ad-Hoc|iPhoneSimulator
		Ad-Hoc|x64 = Ad-Hoc|x64
		Ad-Hoc|x86 = Ad-Hoc|x86
		AppStore|Any CPU = AppStore|Any CPU
		AppStore|ARM = AppStore|ARM
		AppStore|iPhone = AppStore|iPhone
		AppStore|iPhoneSimulator = AppStore|iPhoneSimulator
		AppStore|x64 = AppStore|x64
		AppStore|x86 = AppStore|x86
		Debug|Any CPU = Debug|Any CPU
		Debug|ARM = Debug|ARM
		Debug|iPhone = Debug|iPhone
		Debug|iPhoneSimulator = Debug|iPhoneSimulator
		Debug|x64 = Debug|x64
		Debug|x86 = Debug|x86
		Release|Any CPU = Release|Any CPU
		Release|ARM = Release|ARM
		Release|iPhone = Release|iPhone
		Release|iPhoneSimulator = Release|iPhoneSimulator
		Release|x64 = Release|x64
		Release|x86 = Release|x86
	EndGlobalSection
	GlobalSection(ProjectConfigurationPlatforms) = postSolution
		{BAE79815-6068-44A1-A2F8-16ABE0E94555}.Ad-Hoc|Any CPU.ActiveCfg = Release|Any CPU
		{BAE79815-6068-44A1-A2F8-16ABE0E94555}.Ad-Hoc|Any CPU.Build.0 = Release|Any CPU
		{BAE79815-6068-44A1-A2F8-16ABE0E94555}.Ad-Hoc|Any CPU.Deploy.0 = Release|Any CPU
		{BAE79815-6068-44A1-A2F8-16ABE0E94555}.Ad-Hoc|ARM.ActiveCfg = Release|Any CPU
		{BAE79815-6068-44A1-A2F8-16ABE0E94555}.Ad-Hoc|ARM.Build.0 = Release|Any CPU
		{BAE79815-6068-44A1-A2F8-16ABE0E94555}.Ad-Hoc|ARM.Deploy.0 = Release|Any CPU
		{BAE79815-6068-44A1-A2F8-16ABE0E94555}.Ad-Hoc|iPhone.ActiveCfg = Release|Any CPU
		{BAE79815-6068-44A1-A2F8-16ABE0E94555}.Ad-Hoc|iPhone.Build.0 = Release|Any CPU
		{BAE79815-6068-44A1-A2F8-16ABE0E94555}.Ad-Hoc|iPhone.Deploy.0 = Release|Any CPU
		{BAE79815-6068-44A1-A2F8-16ABE0E94555}.Ad-Hoc|iPhoneSimulator.ActiveCfg = Release|Any CPU
		{BAE79815-6068-44A1-A2F8-16ABE0E94555}.Ad-Hoc|iPhoneSimulator.Build.0 = Release|Any CPU
		{BAE79815-6068-44A1-A2F8-16ABE0E94555}.Ad-Hoc|iPhoneSimulator.Deploy.0 = Release|Any CPU
		{BAE79815-6068-44A1-A2F8-16ABE0E94555}.Ad-Hoc|x64.ActiveCfg = Release|Any CPU
		{BAE79815-6068-44A1-A2F8-16ABE0E94555}.Ad-Hoc|x64.Build.0 = Release|Any CPU
		{BAE79815-6068-44A1-A2F8-16ABE0E94555}.Ad-Hoc|x64.Deploy.0 = Release|Any CPU
		{BAE79815-6068-44A1-A2F8-16ABE0E94555}.Ad-Hoc|x86.ActiveCfg = Release|Any CPU
		{BAE79815-6068-44A1-A2F8-16ABE0E94555}.Ad-Hoc|x86.Build.0 = Release|Any CPU
		{BAE79815-6068-44A1-A2F8-16ABE0E94555}.Ad-Hoc|x86.Deploy.0 = Release|Any CPU
		{BAE79815-6068-44A1-A2F8-16ABE0E94555}.AppStore|Any CPU.ActiveCfg = Release|Any CPU
		{BAE79815-6068-44A1-A2F8-16ABE0E94555}.AppStore|Any CPU.Build.0 = Release|Any CPU
		{BAE79815-6068-44A1-A2F8-16ABE0E94555}.AppStore|Any CPU.Deploy.0 = Release|Any CPU
		{BAE79815-6068-44A1-A2F8-16ABE0E94555}.AppStore|ARM.ActiveCfg = Release|Any CPU
		{BAE79815-6068-44A1-A2F8-16ABE0E94555}.AppStore|ARM.Build.0 = Release|Any CPU
		{BAE79815-6068-44A1-A2F8-16ABE0E94555}.AppStore|ARM.Deploy.0 = Release|Any CPU
		{BAE79815-6068-44A1-A2F8-16ABE0E94555}.AppStore|iPhone.ActiveCfg = Release|Any CPU
		{BAE79815-6068-44A1-A2F8-16ABE0E94555}.AppStore|iPhone.Build.0 = Release|Any CPU
		{BAE79815-6068-44A1-A2F8-16ABE0E94555}.AppStore|iPhone.Deploy.0 = Release|Any CPU
		{BAE79815-6068-44A1-A2F8-16ABE0E94555}.AppStore|iPhoneSimulator.ActiveCfg = Release|Any CPU
		{BAE79815-6068-44A1-A2F8-16ABE0E94555}.AppStore|iPhoneSimulator.Build.0 = Release|Any CPU
		{BAE79815-6068-44A1-A2F8-16ABE0E94555}.AppStore|iPhoneSimulator.Deploy.0 = Release|Any CPU
		{BAE79815-6068-44A1-A2F8-16ABE0E94555}.AppStore|x64.ActiveCfg = Release|Any CPU
		{BAE79815-6068-44A1-A2F8-16ABE0E94555}.AppStore|x64.Build.0 = Release|Any CPU
		{BAE79815-6068-44A1-A2F8-16ABE0E94555}.AppStore|x64.Deploy.0 = Release|Any CPU
		{BAE79815-6068-44A1-A2F8-16ABE0E94555}.AppStore|x86.ActiveCfg = Release|Any CPU
		{BAE79815-6068-44A1-A2F8-16ABE0E94555}.AppStore|x86.Build.0 = Release|Any CPU
		{BAE79815-6068-44A1-A2F8-16ABE0E94555}.AppStore|x86.Deploy.0 = Release|Any CPU
		{BAE79815-6068-44A1-A2F8-16ABE0E94555}.Debug|Any CPU.ActiveCfg = Debug|Any CPU
		{BAE79815-6068-44A1-A2F8-16ABE0E94555}.Debug|Any CPU.Build.0 = Debug|Any CPU
		{BAE79815-6068-44A1-A2F8-16ABE0E94555}.Debug|Any CPU.Deploy.0 = Debug|Any CPU
		{BAE79815-6068-44A1-A2F8-16ABE0E94555}.Debug|ARM.ActiveCfg = Debug|Any CPU
		{BAE79815-6068-44A1-A2F8-16ABE0E94555}.Debug|ARM.Build.0 = Debug|Any CPU
		{BAE79815-6068-44A1-A2F8-16ABE0E94555}.Debug|ARM.Deploy.0 = Debug|Any CPU
		{BAE79815-6068-44A1-A2F8-16ABE0E94555}.Debug|iPhone.ActiveCfg = Debug|Any CPU
		{BAE79815-6068-44A1-A2F8-16ABE0E94555}.Debug|iPhone.Build.0 = Debug|Any CPU
		{BAE79815-6068-44A1-A2F8-16ABE0E94555}.Debug|iPhone.Deploy.0 = Debug|Any CPU
		{BAE79815-6068-44A1-A2F8-16ABE0E94555}.Debug|iPhoneSimulator.ActiveCfg = Debug|Any CPU
		{BAE79815-6068-44A1-A2F8-16ABE0E94555}.Debug|iPhoneSimulator.Build.0 = Debug|Any CPU
		{BAE79815-6068-44A1-A2F8-16ABE0E94555}.Debug|iPhoneSimulator.Deploy.0 = Debug|Any CPU
		{BAE79815-6068-44A1-A2F8-16ABE0E94555}.Debug|x64.ActiveCfg = Debug|Any CPU
		{BAE79815-6068-44A1-A2F8-16ABE0E94555}.Debug|x64.Build.0 = Debug|Any CPU
		{BAE79815-6068-44A1-A2F8-16ABE0E94555}.Debug|x64.Deploy.0 = Debug|Any CPU
		{BAE79815-6068-44A1-A2F8-16ABE0E94555}.Debug|x86.ActiveCfg = Debug|Any CPU
		{BAE79815-6068-44A1-A2F8-16ABE0E94555}.Debug|x86.Build.0 = Debug|Any CPU
		{BAE79815-6068-44A1-A2F8-16ABE0E94555}.Debug|x86.Deploy.0 = Debug|Any CPU
		{BAE79815-6068-44A1-A2F8-16ABE0E94555}.Release|Any CPU.ActiveCfg = Release|Any CPU
		{BAE79815-6068-44A1-A2F8-16ABE0E94555}.Release|Any CPU.Build.0 = Release|Any CPU
		{BAE79815-6068-44A1-A2F8-16ABE0E94555}.Release|Any CPU.Deploy.0 = Release|Any CPU
		{BAE79815-6068-44A1-A2F8-16ABE0E94555}.Release|ARM.ActiveCfg = Release|Any CPU
		{BAE79815-6068-44A1-A2F8-16ABE0E94555}.Release|ARM.Build.0 = Release|Any CPU
		{BAE79815-6068-44A1-A2F8-16ABE0E94555}.Release|ARM.Deploy.0 = Release|Any CPU
		{BAE79815-6068-44A1-A2F8-16ABE0E94555}.Release|iPhone.ActiveCfg = Release|Any CPU
		{BAE79815-6068-44A1-A2F8-16ABE0E94555}.Release|iPhone.Build.0 = Release|Any CPU
		{BAE79815-6068-44A1-A2F8-16ABE0E94555}.Release|iPhone.Deploy.0 = Release|Any CPU
		{BAE79815-6068-44A1-A2F8-16ABE0E94555}.Release|iPhoneSimulator.ActiveCfg = Release|Any CPU
		{BAE79815-6068-44A1-A2F8-16ABE0E94555}.Release|iPhoneSimulator.Build.0 = Release|Any CPU
		{BAE79815-6068-44A1-A2F8-16ABE0E94555}.Release|iPhoneSimulator.Deploy.0 = Release|Any CPU
		{BAE79815-6068-44A1-A2F8-16ABE0E94555}.Release|x64.ActiveCfg = Release|Any CPU
		{BAE79815-6068-44A1-A2F8-16ABE0E94555}.Release|x64.Build.0 = Release|Any CPU
		{BAE79815-6068-44A1-A2F8-16ABE0E94555}.Release|x64.Deploy.0 = Release|Any CPU
		{BAE79815-6068-44A1-A2F8-16ABE0E94555}.Release|x86.ActiveCfg = Release|Any CPU
		{BAE79815-6068-44A1-A2F8-16ABE0E94555}.Release|x86.Build.0 = Release|Any CPU
		{BAE79815-6068-44A1-A2F8-16ABE0E94555}.Release|x86.Deploy.0 = Release|Any CPU
		{78B25039-C53D-492F-8ECE-DE9E8BF3C053}.Ad-Hoc|Any CPU.ActiveCfg = Ad-Hoc|iPhone
		{78B25039-C53D-492F-8ECE-DE9E8BF3C053}.Ad-Hoc|Any CPU.Build.0 = Ad-Hoc|iPhone
		{78B25039-C53D-492F-8ECE-DE9E8BF3C053}.Ad-Hoc|Any CPU.Deploy.0 = Ad-Hoc|iPhone
		{78B25039-C53D-492F-8ECE-DE9E8BF3C053}.Ad-Hoc|ARM.ActiveCfg = Ad-Hoc|iPhone
		{78B25039-C53D-492F-8ECE-DE9E8BF3C053}.Ad-Hoc|ARM.Build.0 = Ad-Hoc|iPhone
		{78B25039-C53D-492F-8ECE-DE9E8BF3C053}.Ad-Hoc|ARM.Deploy.0 = Ad-Hoc|iPhone
		{78B25039-C53D-492F-8ECE-DE9E8BF3C053}.Ad-Hoc|iPhone.ActiveCfg = Ad-Hoc|iPhone
		{78B25039-C53D-492F-8ECE-DE9E8BF3C053}.Ad-Hoc|iPhone.Build.0 = Ad-Hoc|iPhone
		{78B25039-C53D-492F-8ECE-DE9E8BF3C053}.Ad-Hoc|iPhone.Deploy.0 = Ad-Hoc|iPhone
		{78B25039-C53D-492F-8ECE-DE9E8BF3C053}.Ad-Hoc|iPhoneSimulator.ActiveCfg = Ad-Hoc|iPhoneSimulator
		{78B25039-C53D-492F-8ECE-DE9E8BF3C053}.Ad-Hoc|iPhoneSimulator.Build.0 = Ad-Hoc|iPhoneSimulator
		{78B25039-C53D-492F-8ECE-DE9E8BF3C053}.Ad-Hoc|iPhoneSimulator.Deploy.0 = Ad-Hoc|iPhoneSimulator
		{78B25039-C53D-492F-8ECE-DE9E8BF3C053}.Ad-Hoc|x64.ActiveCfg = Ad-Hoc|iPhone
		{78B25039-C53D-492F-8ECE-DE9E8BF3C053}.Ad-Hoc|x64.Build.0 = Ad-Hoc|iPhone
		{78B25039-C53D-492F-8ECE-DE9E8BF3C053}.Ad-Hoc|x64.Deploy.0 = Ad-Hoc|iPhone
		{78B25039-C53D-492F-8ECE-DE9E8BF3C053}.Ad-Hoc|x86.ActiveCfg = Ad-Hoc|iPhone
		{78B25039-C53D-492F-8ECE-DE9E8BF3C053}.Ad-Hoc|x86.Build.0 = Ad-Hoc|iPhone
		{78B25039-C53D-492F-8ECE-DE9E8BF3C053}.Ad-Hoc|x86.Deploy.0 = Ad-Hoc|iPhone
		{78B25039-C53D-492F-8ECE-DE9E8BF3C053}.AppStore|Any CPU.ActiveCfg = AppStore|iPhone
		{78B25039-C53D-492F-8ECE-DE9E8BF3C053}.AppStore|Any CPU.Build.0 = AppStore|iPhone
		{78B25039-C53D-492F-8ECE-DE9E8BF3C053}.AppStore|Any CPU.Deploy.0 = AppStore|iPhone
		{78B25039-C53D-492F-8ECE-DE9E8BF3C053}.AppStore|ARM.ActiveCfg = AppStore|iPhone
		{78B25039-C53D-492F-8ECE-DE9E8BF3C053}.AppStore|ARM.Build.0 = AppStore|iPhone
		{78B25039-C53D-492F-8ECE-DE9E8BF3C053}.AppStore|ARM.Deploy.0 = AppStore|iPhone
		{78B25039-C53D-492F-8ECE-DE9E8BF3C053}.AppStore|iPhone.ActiveCfg = AppStore|iPhone
		{78B25039-C53D-492F-8ECE-DE9E8BF3C053}.AppStore|iPhone.Build.0 = AppStore|iPhone
		{78B25039-C53D-492F-8ECE-DE9E8BF3C053}.AppStore|iPhone.Deploy.0 = AppStore|iPhone
		{78B25039-C53D-492F-8ECE-DE9E8BF3C053}.AppStore|iPhoneSimulator.ActiveCfg = AppStore|iPhoneSimulator
		{78B25039-C53D-492F-8ECE-DE9E8BF3C053}.AppStore|iPhoneSimulator.Build.0 = AppStore|iPhoneSimulator
		{78B25039-C53D-492F-8ECE-DE9E8BF3C053}.AppStore|iPhoneSimulator.Deploy.0 = AppStore|iPhoneSimulator
		{78B25039-C53D-492F-8ECE-DE9E8BF3C053}.AppStore|x64.ActiveCfg = AppStore|iPhone
		{78B25039-C53D-492F-8ECE-DE9E8BF3C053}.AppStore|x64.Build.0 = AppStore|iPhone
		{78B25039-C53D-492F-8ECE-DE9E8BF3C053}.AppStore|x64.Deploy.0 = AppStore|iPhone
		{78B25039-C53D-492F-8ECE-DE9E8BF3C053}.AppStore|x86.ActiveCfg = AppStore|iPhone
		{78B25039-C53D-492F-8ECE-DE9E8BF3C053}.AppStore|x86.Build.0 = AppStore|iPhone
		{78B25039-C53D-492F-8ECE-DE9E8BF3C053}.AppStore|x86.Deploy.0 = AppStore|iPhone
		{78B25039-C53D-492F-8ECE-DE9E8BF3C053}.Debug|Any CPU.ActiveCfg = Debug|iPhoneSimulator
		{78B25039-C53D-492F-8ECE-DE9E8BF3C053}.Debug|Any CPU.Build.0 = Debug|iPhoneSimulator
		{78B25039-C53D-492F-8ECE-DE9E8BF3C053}.Debug|Any CPU.Deploy.0 = Debug|iPhoneSimulator
		{78B25039-C53D-492F-8ECE-DE9E8BF3C053}.Debug|ARM.ActiveCfg = Debug|iPhone
		{78B25039-C53D-492F-8ECE-DE9E8BF3C053}.Debug|ARM.Build.0 = Debug|iPhone
		{78B25039-C53D-492F-8ECE-DE9E8BF3C053}.Debug|ARM.Deploy.0 = Debug|iPhone
		{78B25039-C53D-492F-8ECE-DE9E8BF3C053}.Debug|iPhone.ActiveCfg = Debug|iPhone
		{78B25039-C53D-492F-8ECE-DE9E8BF3C053}.Debug|iPhone.Build.0 = Debug|iPhone
		{78B25039-C53D-492F-8ECE-DE9E8BF3C053}.Debug|iPhone.Deploy.0 = Debug|iPhone
		{78B25039-C53D-492F-8ECE-DE9E8BF3C053}.Debug|iPhoneSimulator.ActiveCfg = Debug|iPhoneSimulator
		{78B25039-C53D-492F-8ECE-DE9E8BF3C053}.Debug|iPhoneSimulator.Build.0 = Debug|iPhoneSimulator
		{78B25039-C53D-492F-8ECE-DE9E8BF3C053}.Debug|iPhoneSimulator.Deploy.0 = Debug|iPhoneSimulator
		{78B25039-C53D-492F-8ECE-DE9E8BF3C053}.Debug|x64.ActiveCfg = Debug|iPhone
		{78B25039-C53D-492F-8ECE-DE9E8BF3C053}.Debug|x64.Build.0 = Debug|iPhone
		{78B25039-C53D-492F-8ECE-DE9E8BF3C053}.Debug|x64.Deploy.0 = Debug|iPhone
		{78B25039-C53D-492F-8ECE-DE9E8BF3C053}.Debug|x86.ActiveCfg = Debug|iPhone
		{78B25039-C53D-492F-8ECE-DE9E8BF3C053}.Debug|x86.Build.0 = Debug|iPhone
		{78B25039-C53D-492F-8ECE-DE9E8BF3C053}.Debug|x86.Deploy.0 = Debug|iPhone
		{78B25039-C53D-492F-8ECE-DE9E8BF3C053}.Release|Any CPU.ActiveCfg = Release|iPhone
		{78B25039-C53D-492F-8ECE-DE9E8BF3C053}.Release|Any CPU.Build.0 = Release|iPhone
		{78B25039-C53D-492F-8ECE-DE9E8BF3C053}.Release|Any CPU.Deploy.0 = Release|iPhone
		{78B25039-C53D-492F-8ECE-DE9E8BF3C053}.Release|ARM.ActiveCfg = Release|iPhone
		{78B25039-C53D-492F-8ECE-DE9E8BF3C053}.Release|ARM.Build.0 = Release|iPhone
		{78B25039-C53D-492F-8ECE-DE9E8BF3C053}.Release|ARM.Deploy.0 = Release|iPhone
		{78B25039-C53D-492F-8ECE-DE9E8BF3C053}.Release|iPhone.ActiveCfg = Release|iPhone
		{78B25039-C53D-492F-8ECE-DE9E8BF3C053}.Release|iPhone.Build.0 = Release|iPhone
		{78B25039-C53D-492F-8ECE-DE9E8BF3C053}.Release|iPhone.Deploy.0 = Release|iPhone
		{78B25039-C53D-492F-8ECE-DE9E8BF3C053}.Release|iPhoneSimulator.ActiveCfg = Release|iPhoneSimulator
		{78B25039-C53D-492F-8ECE-DE9E8BF3C053}.Release|iPhoneSimulator.Build.0 = Release|iPhoneSimulator
		{78B25039-C53D-492F-8ECE-DE9E8BF3C053}.Release|iPhoneSimulator.Deploy.0 = Release|iPhoneSimulator
		{78B25039-C53D-492F-8ECE-DE9E8BF3C053}.Release|x64.ActiveCfg = Release|iPhone
		{78B25039-C53D-492F-8ECE-DE9E8BF3C053}.Release|x64.Build.0 = Release|iPhone
		{78B25039-C53D-492F-8ECE-DE9E8BF3C053}.Release|x64.Deploy.0 = Release|iPhone
		{78B25039-C53D-492F-8ECE-DE9E8BF3C053}.Release|x86.ActiveCfg = Release|iPhone
		{78B25039-C53D-492F-8ECE-DE9E8BF3C053}.Release|x86.Build.0 = Release|iPhone
		{78B25039-C53D-492F-8ECE-DE9E8BF3C053}.Release|x86.Deploy.0 = Release|iPhone
		{64BC3B7B-5319-44DB-9B59-766DACE30ABC}.Ad-Hoc|Any CPU.ActiveCfg = Release|x86
		{64BC3B7B-5319-44DB-9B59-766DACE30ABC}.Ad-Hoc|Any CPU.Build.0 = Release|x86
		{64BC3B7B-5319-44DB-9B59-766DACE30ABC}.Ad-Hoc|Any CPU.Deploy.0 = Release|x86
		{64BC3B7B-5319-44DB-9B59-766DACE30ABC}.Ad-Hoc|ARM.ActiveCfg = Release|ARM
		{64BC3B7B-5319-44DB-9B59-766DACE30ABC}.Ad-Hoc|ARM.Build.0 = Release|ARM
		{64BC3B7B-5319-44DB-9B59-766DACE30ABC}.Ad-Hoc|ARM.Deploy.0 = Release|ARM
		{64BC3B7B-5319-44DB-9B59-766DACE30ABC}.Ad-Hoc|iPhone.ActiveCfg = Release|x86
		{64BC3B7B-5319-44DB-9B59-766DACE30ABC}.Ad-Hoc|iPhone.Build.0 = Release|x86
		{64BC3B7B-5319-44DB-9B59-766DACE30ABC}.Ad-Hoc|iPhone.Deploy.0 = Release|x86
		{64BC3B7B-5319-44DB-9B59-766DACE30ABC}.Ad-Hoc|iPhoneSimulator.ActiveCfg = Release|x86
		{64BC3B7B-5319-44DB-9B59-766DACE30ABC}.Ad-Hoc|iPhoneSimulator.Build.0 = Release|x86
		{64BC3B7B-5319-44DB-9B59-766DACE30ABC}.Ad-Hoc|iPhoneSimulator.Deploy.0 = Release|x86
		{64BC3B7B-5319-44DB-9B59-766DACE30ABC}.Ad-Hoc|x64.ActiveCfg = Release|x64
		{64BC3B7B-5319-44DB-9B59-766DACE30ABC}.Ad-Hoc|x64.Build.0 = Release|x64
		{64BC3B7B-5319-44DB-9B59-766DACE30ABC}.Ad-Hoc|x64.Deploy.0 = Release|x64
		{64BC3B7B-5319-44DB-9B59-766DACE30ABC}.Ad-Hoc|x86.ActiveCfg = Release|x86
		{64BC3B7B-5319-44DB-9B59-766DACE30ABC}.Ad-Hoc|x86.Build.0 = Release|x86
		{64BC3B7B-5319-44DB-9B59-766DACE30ABC}.Ad-Hoc|x86.Deploy.0 = Release|x86
		{64BC3B7B-5319-44DB-9B59-766DACE30ABC}.AppStore|Any CPU.ActiveCfg = Release|x86
		{64BC3B7B-5319-44DB-9B59-766DACE30ABC}.AppStore|Any CPU.Build.0 = Release|x86
		{64BC3B7B-5319-44DB-9B59-766DACE30ABC}.AppStore|Any CPU.Deploy.0 = Release|x86
		{64BC3B7B-5319-44DB-9B59-766DACE30ABC}.AppStore|ARM.ActiveCfg = Release|ARM
		{64BC3B7B-5319-44DB-9B59-766DACE30ABC}.AppStore|ARM.Build.0 = Release|ARM
		{64BC3B7B-5319-44DB-9B59-766DACE30ABC}.AppStore|ARM.Deploy.0 = Release|ARM
		{64BC3B7B-5319-44DB-9B59-766DACE30ABC}.AppStore|iPhone.ActiveCfg = Release|x86
		{64BC3B7B-5319-44DB-9B59-766DACE30ABC}.AppStore|iPhone.Build.0 = Release|x86
		{64BC3B7B-5319-44DB-9B59-766DACE30ABC}.AppStore|iPhone.Deploy.0 = Release|x86
		{64BC3B7B-5319-44DB-9B59-766DACE30ABC}.AppStore|iPhoneSimulator.ActiveCfg = Release|x86
		{64BC3B7B-5319-44DB-9B59-766DACE30ABC}.AppStore|iPhoneSimulator.Build.0 = Release|x86
		{64BC3B7B-5319-44DB-9B59-766DACE30ABC}.AppStore|iPhoneSimulator.Deploy.0 = Release|x86
		{64BC3B7B-5319-44DB-9B59-766DACE30ABC}.AppStore|x64.ActiveCfg = Release|x64
		{64BC3B7B-5319-44DB-9B59-766DACE30ABC}.AppStore|x64.Build.0 = Release|x64
		{64BC3B7B-5319-44DB-9B59-766DACE30ABC}.AppStore|x64.Deploy.0 = Release|x64
		{64BC3B7B-5319-44DB-9B59-766DACE30ABC}.AppStore|x86.ActiveCfg = Release|x86
		{64BC3B7B-5319-44DB-9B59-766DACE30ABC}.AppStore|x86.Build.0 = Release|x86
		{64BC3B7B-5319-44DB-9B59-766DACE30ABC}.AppStore|x86.Deploy.0 = Release|x86
		{64BC3B7B-5319-44DB-9B59-766DACE30ABC}.Debug|Any CPU.ActiveCfg = Debug|x86
		{64BC3B7B-5319-44DB-9B59-766DACE30ABC}.Debug|Any CPU.Build.0 = Debug|x86
		{64BC3B7B-5319-44DB-9B59-766DACE30ABC}.Debug|Any CPU.Deploy.0 = Debug|x86
		{64BC3B7B-5319-44DB-9B59-766DACE30ABC}.Debug|ARM.ActiveCfg = Debug|ARM
		{64BC3B7B-5319-44DB-9B59-766DACE30ABC}.Debug|ARM.Build.0 = Debug|ARM
		{64BC3B7B-5319-44DB-9B59-766DACE30ABC}.Debug|ARM.Deploy.0 = Debug|ARM
		{64BC3B7B-5319-44DB-9B59-766DACE30ABC}.Debug|iPhone.ActiveCfg = Debug|x86
		{64BC3B7B-5319-44DB-9B59-766DACE30ABC}.Debug|iPhone.Build.0 = Debug|x86
		{64BC3B7B-5319-44DB-9B59-766DACE30ABC}.Debug|iPhone.Deploy.0 = Debug|x86
		{64BC3B7B-5319-44DB-9B59-766DACE30ABC}.Debug|iPhoneSimulator.ActiveCfg = Debug|x86
		{64BC3B7B-5319-44DB-9B59-766DACE30ABC}.Debug|iPhoneSimulator.Build.0 = Debug|x86
		{64BC3B7B-5319-44DB-9B59-766DACE30ABC}.Debug|iPhoneSimulator.Deploy.0 = Debug|x86
		{64BC3B7B-5319-44DB-9B59-766DACE30ABC}.Debug|x64.ActiveCfg = Debug|x64
		{64BC3B7B-5319-44DB-9B59-766DACE30ABC}.Debug|x64.Build.0 = Debug|x64
		{64BC3B7B-5319-44DB-9B59-766DACE30ABC}.Debug|x64.Deploy.0 = Debug|x64
		{64BC3B7B-5319-44DB-9B59-766DACE30ABC}.Debug|x86.ActiveCfg = Debug|x86
		{64BC3B7B-5319-44DB-9B59-766DACE30ABC}.Debug|x86.Build.0 = Debug|x86
		{64BC3B7B-5319-44DB-9B59-766DACE30ABC}.Debug|x86.Deploy.0 = Debug|x86
		{64BC3B7B-5319-44DB-9B59-766DACE30ABC}.Release|Any CPU.ActiveCfg = Release|x86
		{64BC3B7B-5319-44DB-9B59-766DACE30ABC}.Release|Any CPU.Build.0 = Release|x86
		{64BC3B7B-5319-44DB-9B59-766DACE30ABC}.Release|Any CPU.Deploy.0 = Release|x86
		{64BC3B7B-5319-44DB-9B59-766DACE30ABC}.Release|ARM.ActiveCfg = Release|ARM
		{64BC3B7B-5319-44DB-9B59-766DACE30ABC}.Release|ARM.Build.0 = Release|ARM
		{64BC3B7B-5319-44DB-9B59-766DACE30ABC}.Release|ARM.Deploy.0 = Release|ARM
		{64BC3B7B-5319-44DB-9B59-766DACE30ABC}.Release|iPhone.ActiveCfg = Release|x86
		{64BC3B7B-5319-44DB-9B59-766DACE30ABC}.Release|iPhone.Build.0 = Release|x86
		{64BC3B7B-5319-44DB-9B59-766DACE30ABC}.Release|iPhone.Deploy.0 = Release|x86
		{64BC3B7B-5319-44DB-9B59-766DACE30ABC}.Release|iPhoneSimulator.ActiveCfg = Release|x86
		{64BC3B7B-5319-44DB-9B59-766DACE30ABC}.Release|iPhoneSimulator.Build.0 = Release|x86
		{64BC3B7B-5319-44DB-9B59-766DACE30ABC}.Release|iPhoneSimulator.Deploy.0 = Release|x86
		{64BC3B7B-5319-44DB-9B59-766DACE30ABC}.Release|x64.ActiveCfg = Release|x64
		{64BC3B7B-5319-44DB-9B59-766DACE30ABC}.Release|x64.Build.0 = Release|x64
		{64BC3B7B-5319-44DB-9B59-766DACE30ABC}.Release|x64.Deploy.0 = Release|x64
		{64BC3B7B-5319-44DB-9B59-766DACE30ABC}.Release|x86.ActiveCfg = Release|x86
		{64BC3B7B-5319-44DB-9B59-766DACE30ABC}.Release|x86.Build.0 = Release|x86
		{64BC3B7B-5319-44DB-9B59-766DACE30ABC}.Release|x86.Deploy.0 = Release|x86
		{8F360476-5459-4F3D-805B-DC419E42C7BD}.Ad-Hoc|Any CPU.ActiveCfg = Debug|Any CPU
		{8F360476-5459-4F3D-805B-DC419E42C7BD}.Ad-Hoc|Any CPU.Build.0 = Debug|Any CPU
		{8F360476-5459-4F3D-805B-DC419E42C7BD}.Ad-Hoc|Any CPU.Deploy.0 = Debug|Any CPU
		{8F360476-5459-4F3D-805B-DC419E42C7BD}.Ad-Hoc|ARM.ActiveCfg = Debug|Any CPU
		{8F360476-5459-4F3D-805B-DC419E42C7BD}.Ad-Hoc|ARM.Build.0 = Debug|Any CPU
		{8F360476-5459-4F3D-805B-DC419E42C7BD}.Ad-Hoc|ARM.Deploy.0 = Debug|Any CPU
		{8F360476-5459-4F3D-805B-DC419E42C7BD}.Ad-Hoc|iPhone.ActiveCfg = Debug|Any CPU
		{8F360476-5459-4F3D-805B-DC419E42C7BD}.Ad-Hoc|iPhone.Build.0 = Debug|Any CPU
		{8F360476-5459-4F3D-805B-DC419E42C7BD}.Ad-Hoc|iPhone.Deploy.0 = Debug|Any CPU
		{8F360476-5459-4F3D-805B-DC419E42C7BD}.Ad-Hoc|iPhoneSimulator.ActiveCfg = Debug|Any CPU
		{8F360476-5459-4F3D-805B-DC419E42C7BD}.Ad-Hoc|iPhoneSimulator.Build.0 = Debug|Any CPU
		{8F360476-5459-4F3D-805B-DC419E42C7BD}.Ad-Hoc|iPhoneSimulator.Deploy.0 = Debug|Any CPU
		{8F360476-5459-4F3D-805B-DC419E42C7BD}.Ad-Hoc|x64.ActiveCfg = Debug|Any CPU
		{8F360476-5459-4F3D-805B-DC419E42C7BD}.Ad-Hoc|x64.Build.0 = Debug|Any CPU
		{8F360476-5459-4F3D-805B-DC419E42C7BD}.Ad-Hoc|x64.Deploy.0 = Debug|Any CPU
		{8F360476-5459-4F3D-805B-DC419E42C7BD}.Ad-Hoc|x86.ActiveCfg = Debug|Any CPU
		{8F360476-5459-4F3D-805B-DC419E42C7BD}.Ad-Hoc|x86.Build.0 = Debug|Any CPU
		{8F360476-5459-4F3D-805B-DC419E42C7BD}.Ad-Hoc|x86.Deploy.0 = Debug|Any CPU
		{8F360476-5459-4F3D-805B-DC419E42C7BD}.AppStore|Any CPU.ActiveCfg = Debug|Any CPU
		{8F360476-5459-4F3D-805B-DC419E42C7BD}.AppStore|Any CPU.Build.0 = Debug|Any CPU
		{8F360476-5459-4F3D-805B-DC419E42C7BD}.AppStore|Any CPU.Deploy.0 = Debug|Any CPU
		{8F360476-5459-4F3D-805B-DC419E42C7BD}.AppStore|ARM.ActiveCfg = Debug|Any CPU
		{8F360476-5459-4F3D-805B-DC419E42C7BD}.AppStore|ARM.Build.0 = Debug|Any CPU
		{8F360476-5459-4F3D-805B-DC419E42C7BD}.AppStore|ARM.Deploy.0 = Debug|Any CPU
		{8F360476-5459-4F3D-805B-DC419E42C7BD}.AppStore|iPhone.ActiveCfg = Debug|Any CPU
		{8F360476-5459-4F3D-805B-DC419E42C7BD}.AppStore|iPhone.Build.0 = Debug|Any CPU
		{8F360476-5459-4F3D-805B-DC419E42C7BD}.AppStore|iPhone.Deploy.0 = Debug|Any CPU
		{8F360476-5459-4F3D-805B-DC419E42C7BD}.AppStore|iPhoneSimulator.ActiveCfg = Debug|Any CPU
		{8F360476-5459-4F3D-805B-DC419E42C7BD}.AppStore|iPhoneSimulator.Build.0 = Debug|Any CPU
		{8F360476-5459-4F3D-805B-DC419E42C7BD}.AppStore|iPhoneSimulator.Deploy.0 = Debug|Any CPU
		{8F360476-5459-4F3D-805B-DC419E42C7BD}.AppStore|x64.ActiveCfg = Debug|Any CPU
		{8F360476-5459-4F3D-805B-DC419E42C7BD}.AppStore|x64.Build.0 = Debug|Any CPU
		{8F360476-5459-4F3D-805B-DC419E42C7BD}.AppStore|x64.Deploy.0 = Debug|Any CPU
		{8F360476-5459-4F3D-805B-DC419E42C7BD}.AppStore|x86.ActiveCfg = Debug|Any CPU
		{8F360476-5459-4F3D-805B-DC419E42C7BD}.AppStore|x86.Build.0 = Debug|Any CPU
		{8F360476-5459-4F3D-805B-DC419E42C7BD}.AppStore|x86.Deploy.0 = Debug|Any CPU
		{8F360476-5459-4F3D-805B-DC419E42C7BD}.Debug|Any CPU.ActiveCfg = Debug|Any CPU
		{8F360476-5459-4F3D-805B-DC419E42C7BD}.Debug|Any CPU.Build.0 = Debug|Any CPU
		{8F360476-5459-4F3D-805B-DC419E42C7BD}.Debug|Any CPU.Deploy.0 = Debug|Any CPU
		{8F360476-5459-4F3D-805B-DC419E42C7BD}.Debug|ARM.ActiveCfg = Debug|Any CPU
		{8F360476-5459-4F3D-805B-DC419E42C7BD}.Debug|ARM.Build.0 = Debug|Any CPU
		{8F360476-5459-4F3D-805B-DC419E42C7BD}.Debug|ARM.Deploy.0 = Debug|Any CPU
		{8F360476-5459-4F3D-805B-DC419E42C7BD}.Debug|iPhone.ActiveCfg = Debug|Any CPU
		{8F360476-5459-4F3D-805B-DC419E42C7BD}.Debug|iPhone.Build.0 = Debug|Any CPU
		{8F360476-5459-4F3D-805B-DC419E42C7BD}.Debug|iPhone.Deploy.0 = Debug|Any CPU
		{8F360476-5459-4F3D-805B-DC419E42C7BD}.Debug|iPhoneSimulator.ActiveCfg = Debug|Any CPU
		{8F360476-5459-4F3D-805B-DC419E42C7BD}.Debug|iPhoneSimulator.Build.0 = Debug|Any CPU
		{8F360476-5459-4F3D-805B-DC419E42C7BD}.Debug|iPhoneSimulator.Deploy.0 = Debug|Any CPU
		{8F360476-5459-4F3D-805B-DC419E42C7BD}.Debug|x64.ActiveCfg = Debug|Any CPU
		{8F360476-5459-4F3D-805B-DC419E42C7BD}.Debug|x64.Build.0 = Debug|Any CPU
		{8F360476-5459-4F3D-805B-DC419E42C7BD}.Debug|x64.Deploy.0 = Debug|Any CPU
		{8F360476-5459-4F3D-805B-DC419E42C7BD}.Debug|x86.ActiveCfg = Debug|Any CPU
		{8F360476-5459-4F3D-805B-DC419E42C7BD}.Debug|x86.Build.0 = Debug|Any CPU
		{8F360476-5459-4F3D-805B-DC419E42C7BD}.Debug|x86.Deploy.0 = Debug|Any CPU
		{8F360476-5459-4F3D-805B-DC419E42C7BD}.Release|Any CPU.ActiveCfg = Release|Any CPU
		{8F360476-5459-4F3D-805B-DC419E42C7BD}.Release|Any CPU.Build.0 = Release|Any CPU
		{8F360476-5459-4F3D-805B-DC419E42C7BD}.Release|Any CPU.Deploy.0 = Release|Any CPU
		{8F360476-5459-4F3D-805B-DC419E42C7BD}.Release|ARM.ActiveCfg = Release|Any CPU
		{8F360476-5459-4F3D-805B-DC419E42C7BD}.Release|ARM.Build.0 = Release|Any CPU
		{8F360476-5459-4F3D-805B-DC419E42C7BD}.Release|ARM.Deploy.0 = Release|Any CPU
		{8F360476-5459-4F3D-805B-DC419E42C7BD}.Release|iPhone.ActiveCfg = Release|Any CPU
		{8F360476-5459-4F3D-805B-DC419E42C7BD}.Release|iPhone.Build.0 = Release|Any CPU
		{8F360476-5459-4F3D-805B-DC419E42C7BD}.Release|iPhone.Deploy.0 = Release|Any CPU
		{8F360476-5459-4F3D-805B-DC419E42C7BD}.Release|iPhoneSimulator.ActiveCfg = Release|Any CPU
		{8F360476-5459-4F3D-805B-DC419E42C7BD}.Release|iPhoneSimulator.Build.0 = Release|Any CPU
		{8F360476-5459-4F3D-805B-DC419E42C7BD}.Release|iPhoneSimulator.Deploy.0 = Release|Any CPU
		{8F360476-5459-4F3D-805B-DC419E42C7BD}.Release|x64.ActiveCfg = Release|Any CPU
		{8F360476-5459-4F3D-805B-DC419E42C7BD}.Release|x64.Build.0 = Release|Any CPU
		{8F360476-5459-4F3D-805B-DC419E42C7BD}.Release|x64.Deploy.0 = Release|Any CPU
		{8F360476-5459-4F3D-805B-DC419E42C7BD}.Release|x86.ActiveCfg = Release|Any CPU
		{8F360476-5459-4F3D-805B-DC419E42C7BD}.Release|x86.Build.0 = Release|Any CPU
		{8F360476-5459-4F3D-805B-DC419E42C7BD}.Release|x86.Deploy.0 = Release|Any CPU
		{D811ED11-89FC-4FA0-9D95-BE05ACE2D07D}.Ad-Hoc|Any CPU.ActiveCfg = Debug|Any CPU
		{D811ED11-89FC-4FA0-9D95-BE05ACE2D07D}.Ad-Hoc|Any CPU.Build.0 = Debug|Any CPU
		{D811ED11-89FC-4FA0-9D95-BE05ACE2D07D}.Ad-Hoc|ARM.ActiveCfg = Debug|Any CPU
		{D811ED11-89FC-4FA0-9D95-BE05ACE2D07D}.Ad-Hoc|ARM.Build.0 = Debug|Any CPU
		{D811ED11-89FC-4FA0-9D95-BE05ACE2D07D}.Ad-Hoc|iPhone.ActiveCfg = Debug|Any CPU
		{D811ED11-89FC-4FA0-9D95-BE05ACE2D07D}.Ad-Hoc|iPhone.Build.0 = Debug|Any CPU
		{D811ED11-89FC-4FA0-9D95-BE05ACE2D07D}.Ad-Hoc|iPhoneSimulator.ActiveCfg = Debug|Any CPU
		{D811ED11-89FC-4FA0-9D95-BE05ACE2D07D}.Ad-Hoc|iPhoneSimulator.Build.0 = Debug|Any CPU
		{D811ED11-89FC-4FA0-9D95-BE05ACE2D07D}.Ad-Hoc|x64.ActiveCfg = Debug|Any CPU
		{D811ED11-89FC-4FA0-9D95-BE05ACE2D07D}.Ad-Hoc|x64.Build.0 = Debug|Any CPU
		{D811ED11-89FC-4FA0-9D95-BE05ACE2D07D}.Ad-Hoc|x86.ActiveCfg = Debug|Any CPU
		{D811ED11-89FC-4FA0-9D95-BE05ACE2D07D}.Ad-Hoc|x86.Build.0 = Debug|Any CPU
		{D811ED11-89FC-4FA0-9D95-BE05ACE2D07D}.AppStore|Any CPU.ActiveCfg = Debug|Any CPU
		{D811ED11-89FC-4FA0-9D95-BE05ACE2D07D}.AppStore|Any CPU.Build.0 = Debug|Any CPU
		{D811ED11-89FC-4FA0-9D95-BE05ACE2D07D}.AppStore|ARM.ActiveCfg = Debug|Any CPU
		{D811ED11-89FC-4FA0-9D95-BE05ACE2D07D}.AppStore|ARM.Build.0 = Debug|Any CPU
		{D811ED11-89FC-4FA0-9D95-BE05ACE2D07D}.AppStore|iPhone.ActiveCfg = Debug|Any CPU
		{D811ED11-89FC-4FA0-9D95-BE05ACE2D07D}.AppStore|iPhone.Build.0 = Debug|Any CPU
		{D811ED11-89FC-4FA0-9D95-BE05ACE2D07D}.AppStore|iPhoneSimulator.ActiveCfg = Debug|Any CPU
		{D811ED11-89FC-4FA0-9D95-BE05ACE2D07D}.AppStore|iPhoneSimulator.Build.0 = Debug|Any CPU
		{D811ED11-89FC-4FA0-9D95-BE05ACE2D07D}.AppStore|x64.ActiveCfg = Debug|Any CPU
		{D811ED11-89FC-4FA0-9D95-BE05ACE2D07D}.AppStore|x64.Build.0 = Debug|Any CPU
		{D811ED11-89FC-4FA0-9D95-BE05ACE2D07D}.AppStore|x86.ActiveCfg = Debug|Any CPU
		{D811ED11-89FC-4FA0-9D95-BE05ACE2D07D}.AppStore|x86.Build.0 = Debug|Any CPU
		{D811ED11-89FC-4FA0-9D95-BE05ACE2D07D}.Debug|Any CPU.ActiveCfg = Debug|Any CPU
		{D811ED11-89FC-4FA0-9D95-BE05ACE2D07D}.Debug|Any CPU.Build.0 = Debug|Any CPU
		{D811ED11-89FC-4FA0-9D95-BE05ACE2D07D}.Debug|ARM.ActiveCfg = Debug|Any CPU
		{D811ED11-89FC-4FA0-9D95-BE05ACE2D07D}.Debug|ARM.Build.0 = Debug|Any CPU
		{D811ED11-89FC-4FA0-9D95-BE05ACE2D07D}.Debug|iPhone.ActiveCfg = Debug|Any CPU
		{D811ED11-89FC-4FA0-9D95-BE05ACE2D07D}.Debug|iPhone.Build.0 = Debug|Any CPU
		{D811ED11-89FC-4FA0-9D95-BE05ACE2D07D}.Debug|iPhoneSimulator.ActiveCfg = Debug|Any CPU
		{D811ED11-89FC-4FA0-9D95-BE05ACE2D07D}.Debug|iPhoneSimulator.Build.0 = Debug|Any CPU
		{D811ED11-89FC-4FA0-9D95-BE05ACE2D07D}.Debug|x64.ActiveCfg = Debug|Any CPU
		{D811ED11-89FC-4FA0-9D95-BE05ACE2D07D}.Debug|x64.Build.0 = Debug|Any CPU
		{D811ED11-89FC-4FA0-9D95-BE05ACE2D07D}.Debug|x86.ActiveCfg = Debug|Any CPU
		{D811ED11-89FC-4FA0-9D95-BE05ACE2D07D}.Debug|x86.Build.0 = Debug|Any CPU
		{D811ED11-89FC-4FA0-9D95-BE05ACE2D07D}.Release|Any CPU.ActiveCfg = Release|Any CPU
		{D811ED11-89FC-4FA0-9D95-BE05ACE2D07D}.Release|Any CPU.Build.0 = Release|Any CPU
		{D811ED11-89FC-4FA0-9D95-BE05ACE2D07D}.Release|ARM.ActiveCfg = Release|Any CPU
		{D811ED11-89FC-4FA0-9D95-BE05ACE2D07D}.Release|ARM.Build.0 = Release|Any CPU
		{D811ED11-89FC-4FA0-9D95-BE05ACE2D07D}.Release|iPhone.ActiveCfg = Release|Any CPU
		{D811ED11-89FC-4FA0-9D95-BE05ACE2D07D}.Release|iPhone.Build.0 = Release|Any CPU
		{D811ED11-89FC-4FA0-9D95-BE05ACE2D07D}.Release|iPhoneSimulator.ActiveCfg = Release|Any CPU
		{D811ED11-89FC-4FA0-9D95-BE05ACE2D07D}.Release|iPhoneSimulator.Build.0 = Release|Any CPU
		{D811ED11-89FC-4FA0-9D95-BE05ACE2D07D}.Release|x64.ActiveCfg = Release|Any CPU
		{D811ED11-89FC-4FA0-9D95-BE05ACE2D07D}.Release|x64.Build.0 = Release|Any CPU
		{D811ED11-89FC-4FA0-9D95-BE05ACE2D07D}.Release|x86.ActiveCfg = Release|Any CPU
		{D811ED11-89FC-4FA0-9D95-BE05ACE2D07D}.Release|x86.Build.0 = Release|Any CPU
		{E74D37BD-336D-4449-93E5-3121FA99DEA8}.Ad-Hoc|Any CPU.ActiveCfg = Debug|Any CPU
		{E74D37BD-336D-4449-93E5-3121FA99DEA8}.Ad-Hoc|Any CPU.Build.0 = Debug|Any CPU
		{E74D37BD-336D-4449-93E5-3121FA99DEA8}.Ad-Hoc|ARM.ActiveCfg = Debug|Any CPU
		{E74D37BD-336D-4449-93E5-3121FA99DEA8}.Ad-Hoc|ARM.Build.0 = Debug|Any CPU
		{E74D37BD-336D-4449-93E5-3121FA99DEA8}.Ad-Hoc|iPhone.ActiveCfg = Debug|Any CPU
		{E74D37BD-336D-4449-93E5-3121FA99DEA8}.Ad-Hoc|iPhone.Build.0 = Debug|Any CPU
		{E74D37BD-336D-4449-93E5-3121FA99DEA8}.Ad-Hoc|iPhoneSimulator.ActiveCfg = Debug|Any CPU
		{E74D37BD-336D-4449-93E5-3121FA99DEA8}.Ad-Hoc|iPhoneSimulator.Build.0 = Debug|Any CPU
		{E74D37BD-336D-4449-93E5-3121FA99DEA8}.Ad-Hoc|x64.ActiveCfg = Debug|Any CPU
		{E74D37BD-336D-4449-93E5-3121FA99DEA8}.Ad-Hoc|x64.Build.0 = Debug|Any CPU
		{E74D37BD-336D-4449-93E5-3121FA99DEA8}.Ad-Hoc|x86.ActiveCfg = Debug|Any CPU
		{E74D37BD-336D-4449-93E5-3121FA99DEA8}.Ad-Hoc|x86.Build.0 = Debug|Any CPU
		{E74D37BD-336D-4449-93E5-3121FA99DEA8}.AppStore|Any CPU.ActiveCfg = Debug|Any CPU
		{E74D37BD-336D-4449-93E5-3121FA99DEA8}.AppStore|Any CPU.Build.0 = Debug|Any CPU
		{E74D37BD-336D-4449-93E5-3121FA99DEA8}.AppStore|ARM.ActiveCfg = Debug|Any CPU
		{E74D37BD-336D-4449-93E5-3121FA99DEA8}.AppStore|ARM.Build.0 = Debug|Any CPU
		{E74D37BD-336D-4449-93E5-3121FA99DEA8}.AppStore|iPhone.ActiveCfg = Debug|Any CPU
		{E74D37BD-336D-4449-93E5-3121FA99DEA8}.AppStore|iPhone.Build.0 = Debug|Any CPU
		{E74D37BD-336D-4449-93E5-3121FA99DEA8}.AppStore|iPhoneSimulator.ActiveCfg = Debug|Any CPU
		{E74D37BD-336D-4449-93E5-3121FA99DEA8}.AppStore|iPhoneSimulator.Build.0 = Debug|Any CPU
		{E74D37BD-336D-4449-93E5-3121FA99DEA8}.AppStore|x64.ActiveCfg = Debug|Any CPU
		{E74D37BD-336D-4449-93E5-3121FA99DEA8}.AppStore|x64.Build.0 = Debug|Any CPU
		{E74D37BD-336D-4449-93E5-3121FA99DEA8}.AppStore|x86.ActiveCfg = Debug|Any CPU
		{E74D37BD-336D-4449-93E5-3121FA99DEA8}.AppStore|x86.Build.0 = Debug|Any CPU
		{E74D37BD-336D-4449-93E5-3121FA99DEA8}.Debug|Any CPU.ActiveCfg = Debug|Any CPU
		{E74D37BD-336D-4449-93E5-3121FA99DEA8}.Debug|Any CPU.Build.0 = Debug|Any CPU
		{E74D37BD-336D-4449-93E5-3121FA99DEA8}.Debug|ARM.ActiveCfg = Debug|Any CPU
		{E74D37BD-336D-4449-93E5-3121FA99DEA8}.Debug|ARM.Build.0 = Debug|Any CPU
		{E74D37BD-336D-4449-93E5-3121FA99DEA8}.Debug|iPhone.ActiveCfg = Debug|Any CPU
		{E74D37BD-336D-4449-93E5-3121FA99DEA8}.Debug|iPhone.Build.0 = Debug|Any CPU
		{E74D37BD-336D-4449-93E5-3121FA99DEA8}.Debug|iPhoneSimulator.ActiveCfg = Debug|Any CPU
		{E74D37BD-336D-4449-93E5-3121FA99DEA8}.Debug|iPhoneSimulator.Build.0 = Debug|Any CPU
		{E74D37BD-336D-4449-93E5-3121FA99DEA8}.Debug|x64.ActiveCfg = Debug|Any CPU
		{E74D37BD-336D-4449-93E5-3121FA99DEA8}.Debug|x64.Build.0 = Debug|Any CPU
		{E74D37BD-336D-4449-93E5-3121FA99DEA8}.Debug|x86.ActiveCfg = Debug|Any CPU
		{E74D37BD-336D-4449-93E5-3121FA99DEA8}.Debug|x86.Build.0 = Debug|Any CPU
		{E74D37BD-336D-4449-93E5-3121FA99DEA8}.Release|Any CPU.ActiveCfg = Release|Any CPU
		{E74D37BD-336D-4449-93E5-3121FA99DEA8}.Release|Any CPU.Build.0 = Release|Any CPU
		{E74D37BD-336D-4449-93E5-3121FA99DEA8}.Release|ARM.ActiveCfg = Release|Any CPU
		{E74D37BD-336D-4449-93E5-3121FA99DEA8}.Release|ARM.Build.0 = Release|Any CPU
		{E74D37BD-336D-4449-93E5-3121FA99DEA8}.Release|iPhone.ActiveCfg = Release|Any CPU
		{E74D37BD-336D-4449-93E5-3121FA99DEA8}.Release|iPhone.Build.0 = Release|Any CPU
		{E74D37BD-336D-4449-93E5-3121FA99DEA8}.Release|iPhoneSimulator.ActiveCfg = Release|Any CPU
		{E74D37BD-336D-4449-93E5-3121FA99DEA8}.Release|iPhoneSimulator.Build.0 = Release|Any CPU
		{E74D37BD-336D-4449-93E5-3121FA99DEA8}.Release|x64.ActiveCfg = Release|Any CPU
		{E74D37BD-336D-4449-93E5-3121FA99DEA8}.Release|x64.Build.0 = Release|Any CPU
		{E74D37BD-336D-4449-93E5-3121FA99DEA8}.Release|x86.ActiveCfg = Release|Any CPU
		{E74D37BD-336D-4449-93E5-3121FA99DEA8}.Release|x86.Build.0 = Release|Any CPU
	EndGlobalSection
	GlobalSection(SolutionProperties) = preSolution
		HideSolutionNode = FALSE
	EndGlobalSection
	GlobalSection(ExtensibilityGlobals) = postSolution
		SolutionGuid = {968EDA71-5EC1-4540-9D86-F13AF1C410D6}
	EndGlobalSection
	GlobalSection(TeamFoundationVersionControl) = preSolution
		SccNumberOfProjects = 7
		SccEnterpriseProvider = {4CA58AB2-18FA-4F8D-95D4-32DDF27D184C}
		SccTeamFoundationServer = https://squadapp.visualstudio.com/
		SccLocalPath0 = .
		SccProjectUniqueName1 = Squad\\Squad.Android\\Squad.Android.csproj
		SccProjectName1 = Squad/Squad.Android
		SccLocalPath1 = Squad\\Squad.Android
		SccProjectUniqueName2 = Squad\\Squad.iOS\\Squad.iOS.csproj
		SccProjectName2 = Squad/Squad.iOS
		SccLocalPath2 = Squad\\Squad.iOS
		SccProjectUniqueName3 = Squad\\Squad.UWP\\Squad.UWP.csproj
		SccProjectName3 = Squad/Squad.UWP
		SccLocalPath3 = Squad\\Squad.UWP
		SccProjectUniqueName4 = Squad\\Squad\\Squad.csproj
		SccProjectName4 = Squad/Squad
		SccLocalPath4 = Squad\\Squad
		SccProjectUniqueName5 = Squad\\SquadAppAPI\\SquadAppAPI.csproj
		SccProjectName5 = Squad/SquadAppAPI
		SccLocalPath5 = Squad\\SquadAppAPI
		SccProjectUniqueName6 = Squad\\ChatService\\easychat.csproj
		SccProjectName6 = Squad/ChatService
		SccLocalPath6 = Squad\\ChatService
	EndGlobalSection
EndGlobal
